{
  "name": "docs",
  "lockfileVersion": 3,
  "requires": true,
  "packages": {
    "": {
      "devDependencies": {
        "@jothepro/doxygen-awesome-css": "github:jothepro/doxygen-awesome-css#v2.3.3"
      }
    },
    "node_modules/@jothepro/doxygen-awesome-css": {
      "version": "2.3.3",
      "resolved": "git+ssh://git@github.com/jothepro/doxygen-awesome-css.git#40e9b25b6174dd3b472d8868f63323a870dfeeb8",
      "dev": true
    }
  }
}
